
Microsoft Visual Studio Solution File, Format Version 12.00
# Visual Studio Version 17
VisualStudioVersion = 17.0.31903.59
MinimumVisualStudioVersion = 10.0.40219.1
Project("{2150E333-8FDC-42A3-9474-1A3956D46DE8}") = "src", "src", "{827E0CD3-B72D-47B6-A68D-7590B98EB39B}"
EndProject
Project("{FAE04EC0-301F-11D3-BF4B-00C04F79EFBC}") = "AiAgent.Desktop.Core", "src\AiAgent.Desktop.Core\AiAgent.Desktop.Core.csproj", "{FFEA7D16-C54B-4689-ABB4-FC06BD5663FA}"
EndProject
Project("{FAE04EC0-301F-11D3-BF4B-00C04F79EFBC}") = "AiAgent.Desktop", "src\AiAgent.Desktop\AiAgent.Desktop.csproj", "{98C99A91-936B-46ED-A3E5-851F5B5A43C0}"
EndProject
Project("{2150E333-8FDC-42A3-9474-1A3956D46DE8}") = "tests", "tests", "{0AB3BF05-4346-4AA6-1389-037BE0695223}"
EndProject
Project("{FAE04EC0-301F-11D3-BF4B-00C04F79EFBC}") = "AiAgent.Desktop.Tests", "tests\AiAgent.Desktop.Tests\AiAgent.Desktop.Tests.csproj", "{23AA3F6B-DBF5-4F98-A89B-FFCE7E0BBC77}"
EndProject
Global
	GlobalSection(SolutionConfigurationPlatforms) = preSolution
		Debug|Any CPU = Debug|Any CPU
		Debug|x64 = Debug|x64
		Debug|x86 = Debug|x86
		Release|Any CPU = Release|Any CPU
		Release|x64 = Release|x64
		Release|x86 = Release|x86
	EndGlobalSection
	GlobalSection(ProjectConfigurationPlatforms) = postSolution
		{FFEA7D16-C54B-4689-ABB4-FC06BD5663FA}.Debug|Any CPU.ActiveCfg = Debug|Any CPU
		{FFEA7D16-C54B-4689-ABB4-FC06BD5663FA}.Debug|Any CPU.Build.0 = Debug|Any CPU
		{FFEA7D16-C54B-4689-ABB4-FC06BD5663FA}.Debug|x64.ActiveCfg = Debug|Any CPU
		{FFEA7D16-C54B-4689-ABB4-FC06BD5663FA}.Debug|x64.Build.0 = Debug|Any CPU
		{FFEA7D16-C54B-4689-ABB4-FC06BD5663FA}.Debug|x86.ActiveCfg = Debug|Any CPU
		{FFEA7D16-C54B-4689-ABB4-FC06BD5663FA}.Debug|x86.Build.0 = Debug|Any CPU
		{FFEA7D16-C54B-4689-ABB4-FC06BD5663FA}.Release|Any CPU.ActiveCfg = Release|Any CPU
		{FFEA7D16-C54B-4689-ABB4-FC06BD5663FA}.Release|Any CPU.Build.0 = Release|Any CPU
		{FFEA7D16-C54B-4689-ABB4-FC06BD5663FA}.Release|x64.ActiveCfg = Release|Any CPU
		{FFEA7D16-C54B-4689-ABB4-FC06BD5663FA}.Release|x64.Build.0 = Release|Any CPU
		{FFEA7D16-C54B-4689-ABB4-FC06BD5663FA}.Release|x86.ActiveCfg = Release|Any CPU
		{FFEA7D16-C54B-4689-ABB4-FC06BD5663FA}.Release|x86.Build.0 = Release|Any CPU
		{98C99A91-936B-46ED-A3E5-851F5B5A43C0}.Debug|Any CPU.ActiveCfg = Debug|Any CPU
		{98C99A91-936B-46ED-A3E5-851F5B5A43C0}.Debug|Any CPU.Build.0 = Debug|Any CPU
		{98C99A91-936B-46ED-A3E5-851F5B5A43C0}.Debug|x64.ActiveCfg = Debug|Any CPU
		{98C99A91-936B-46ED-A3E5-851F5B5A43C0}.Debug|x64.Build.0 = Debug|Any CPU
		{98C99A91-936B-46ED-A3E5-851F5B5A43C0}.Debug|x86.ActiveCfg = Debug|Any CPU
		{98C99A91-936B-46ED-A3E5-851F5B5A43C0}.Debug|x86.Build.0 = Debug|Any CPU
		{98C99A91-936B-46ED-A3E5-851F5B5A43C0}.Release|Any CPU.ActiveCfg = Release|Any CPU
		{98C99A91-936B-46ED-A3E5-851F5B5A43C0}.Release|Any CPU.Build.0 = Release|Any CPU
		{98C99A91-936B-46ED-A3E5-851F5B5A43C0}.Release|x64.ActiveCfg = Release|Any CPU
		{98C99A91-936B-46ED-A3E5-851F5B5A43C0}.Release|x64.Build.0 = Release|Any CPU
		{98C99A91-936B-46ED-A3E5-851F5B5A43C0}.Release|x86.ActiveCfg = Release|Any CPU
		{98C99A91-936B-46ED-A3E5-851F5B5A43C0}.Release|x86.Build.0 = Release|Any CPU
		{23AA3F6B-DBF5-4F98-A89B-FFCE7E0BBC77}.Debug|Any CPU.ActiveCfg = Debug|Any CPU
		{23AA3F6B-DBF5-4F98-A89B-FFCE7E0BBC77}.Debug|Any CPU.Build.0 = Debug|Any CPU
		{23AA3F6B-DBF5-4F98-A89B-FFCE7E0BBC77}.Debug|x64.ActiveCfg = Debug|Any CPU
		{23AA3F6B-DBF5-4F98-A89B-FFCE7E0BBC77}.Debug|x64.Build.0 = Debug|Any CPU
		{23AA3F6B-DBF5-4F98-A89B-FFCE7E0BBC77}.Debug|x86.ActiveCfg = Debug|Any CPU
		{23AA3F6B-DBF5-4F98-A89B-FFCE7E0BBC77}.Debug|x86.Build.0 = Debug|Any CPU
		{23AA3F6B-DBF5-4F98-A89B-FFCE7E0BBC77}.Release|Any CPU.ActiveCfg = Release|Any CPU
		{23AA3F6B-DBF5-4F98-A89B-FFCE7E0BBC77}.Release|Any CPU.Build.0 = Release|Any CPU
		{23AA3F6B-DBF5-4F98-A89B-FFCE7E0BBC77}.Release|x64.ActiveCfg = Release|Any CPU
		{23AA3F6B-DBF5-4F98-A89B-FFCE7E0BBC77}.Release|x64.Build.0 = Release|Any CPU
		{23AA3F6B-DBF5-4F98-A89B-FFCE7E0BBC77}.Release|x86.ActiveCfg = Release|Any CPU
		{23AA3F6B-DBF5-4F98-A89B-FFCE7E0BBC77}.Release|x86.Build.0 = Release|Any CPU
	EndGlobalSection
	GlobalSection(SolutionProperties) = preSolution
		HideSolutionNode = FALSE
	EndGlobalSection
	GlobalSection(NestedProjects) = preSolution
		{FFEA7D16-C54B-4689-ABB4-FC06BD5663FA} = {827E0CD3-B72D-47B6-A68D-7590B98EB39B}
		{98C99A91-936B-46ED-A3E5-851F5B5A43C0} = {827E0CD3-B72D-47B6-A68D-7590B98EB39B}
		{23AA3F6B-DBF5-4F98-A89B-FFCE7E0BBC77} = {0AB3BF05-4346-4AA6-1389-037BE0695223}
	EndGlobalSection
EndGlobal
